
Microsoft Visual Studio Solution File, Format Version 12.00
# Visual Studio Version 17
VisualStudioVersion = 17.13.35913.81
MinimumVisualStudioVersion = 10.0.40219.1
Project("{FAE04EC0-301F-11D3-BF4B-00C04F79EFBC}") = "day1_helloWorld", "day1_helloWorld\day1_helloWorld.csproj", "{B37EE054-DF94-451C-AF18-CA4F7BE3F9B1}"
EndProject
Project("{FAE04EC0-301F-11D3-BF4B-00C04F79EFBC}") = "day2_dataTypes", "day2_dataTypes\day2_dataTypes.csproj", "{1D4ACE44-DF01-4791-BF3F-C6C2FE29D675}"
EndProject
Project("{FAE04EC0-301F-11D3-BF4B-00C04F79EFBC}") = "day3_Control", "day3_Control\day3_Control.csproj", "{1E7A3891-48D9-4CC0-927C-D091C028BCBF}"
EndProject
Global
	GlobalSection(SolutionConfigurationPlatforms) = preSolution
		Debug|Any CPU = Debug|Any CPU
		Release|Any CPU = Release|Any CPU
	EndGlobalSection
	GlobalSection(ProjectConfigurationPlatforms) = postSolution
		{B37EE054-DF94-451C-AF18-CA4F7BE3F9B1}.Debug|Any CPU.ActiveCfg = Debug|Any CPU
		{B37EE054-DF94-451C-AF18-CA4F7BE3F9B1}.Debug|Any CPU.Build.0 = Debug|Any CPU
		{B37EE054-DF94-451C-AF18-CA4F7BE3F9B1}.Release|Any CPU.ActiveCfg = Release|Any CPU
		{B37EE054-DF94-451C-AF18-CA4F7BE3F9B1}.Release|Any CPU.Build.0 = Release|Any CPU
		{1D4ACE44-DF01-4791-BF3F-C6C2FE29D675}.Debug|Any CPU.ActiveCfg = Debug|Any CPU
		{1D4ACE44-DF01-4791-BF3F-C6C2FE29D675}.Debug|Any CPU.Build.0 = Debug|Any CPU
		{1D4ACE44-DF01-4791-BF3F-C6C2FE29D675}.Release|Any CPU.ActiveCfg = Release|Any CPU
		{1D4ACE44-DF01-4791-BF3F-C6C2FE29D675}.Release|Any CPU.Build.0 = Release|Any CPU
		{1E7A3891-48D9-4CC0-927C-D091C028BCBF}.Debug|Any CPU.ActiveCfg = Debug|Any CPU
		{1E7A3891-48D9-4CC0-927C-D091C028BCBF}.Debug|Any CPU.Build.0 = Debug|Any CPU
		{1E7A3891-48D9-4CC0-927C-D091C028BCBF}.Release|Any CPU.ActiveCfg = Release|Any CPU
		{1E7A3891-48D9-4CC0-927C-D091C028BCBF}.Release|Any CPU.Build.0 = Release|Any CPU
	EndGlobalSection
	GlobalSection(SolutionProperties) = preSolution
		HideSolutionNode = FALSE
	EndGlobalSection
	GlobalSection(ExtensibilityGlobals) = postSolution
		SolutionGuid = {A41D6E7A-FDC6-40A2-A605-C346203D411A}
	EndGlobalSection
EndGlobal
